
Microsoft Visual Studio Solution File, Format Version 11.00
# Visual Studio 2010
Project("{FAE04EC0-301F-11D3-BF4B-00C04F79EFBC}") = "MLP_Classifier", "MLP_Classifier\MLP_Classifier.csproj", "{78D74674-C04B-4C12-8C95-A0A5F0AACD3F}"
EndProject
Project("{FAE04EC0-301F-11D3-BF4B-00C04F79EFBC}") = "Neuro", "C:\Program Files (x86)\AForge.NET\Framework\Sources\Neuro\Neuro.csproj", "{02B5E453-2085-4E41-86D9-C8E8A03FB1B9}"
EndProject
Global
	GlobalSection(SolutionConfigurationPlatforms) = preSolution
		Debug|Any CPU = Debug|Any CPU
		Debug|Mixed Platforms = Debug|Mixed Platforms
		Debug|x86 = Debug|x86
		Release|Any CPU = Release|Any CPU
		Release|Mixed Platforms = Release|Mixed Platforms
		Release|x86 = Release|x86
	EndGlobalSection
	GlobalSection(ProjectConfigurationPlatforms) = postSolution
		{78D74674-C04B-4C12-8C95-A0A5F0AACD3F}.Debug|Any CPU.ActiveCfg = Debug|x86
		{78D74674-C04B-4C12-8C95-A0A5F0AACD3F}.Debug|Mixed Platforms.ActiveCfg = Debug|x86
		{78D74674-C04B-4C12-8C95-A0A5F0AACD3F}.Debug|Mixed Platforms.Build.0 = Debug|x86
		{78D74674-C04B-4C12-8C95-A0A5F0AACD3F}.Debug|x86.ActiveCfg = Debug|x86
		{78D74674-C04B-4C12-8C95-A0A5F0AACD3F}.Debug|x86.Build.0 = Debug|x86
		{78D74674-C04B-4C12-8C95-A0A5F0AACD3F}.Release|Any CPU.ActiveCfg = Release|x86
		{78D74674-C04B-4C12-8C95-A0A5F0AACD3F}.Release|Mixed Platforms.ActiveCfg = Release|x86
		{78D74674-C04B-4C12-8C95-A0A5F0AACD3F}.Release|Mixed Platforms.Build.0 = Release|x86
		{78D74674-C04B-4C12-8C95-A0A5F0AACD3F}.Release|x86.ActiveCfg = Release|x86
		{78D74674-C04B-4C12-8C95-A0A5F0AACD3F}.Release|x86.Build.0 = Release|x86
		{02B5E453-2085-4E41-86D9-C8E8A03FB1B9}.Debug|Any CPU.ActiveCfg = Debug|Any CPU
		{02B5E453-2085-4E41-86D9-C8E8A03FB1B9}.Debug|Any CPU.Build.0 = Debug|Any CPU
		{02B5E453-2085-4E41-86D9-C8E8A03FB1B9}.Debug|Mixed Platforms.ActiveCfg = Debug|Any CPU
		{02B5E453-2085-4E41-86D9-C8E8A03FB1B9}.Debug|Mixed Platforms.Build.0 = Debug|Any CPU
		{02B5E453-2085-4E41-86D9-C8E8A03FB1B9}.Debug|x86.ActiveCfg = Debug|Any CPU
		{02B5E453-2085-4E41-86D9-C8E8A03FB1B9}.Release|Any CPU.ActiveCfg = Release|Any CPU
		{02B5E453-2085-4E41-86D9-C8E8A03FB1B9}.Release|Any CPU.Build.0 = Release|Any CPU
		{02B5E453-2085-4E41-86D9-C8E8A03FB1B9}.Release|Mixed Platforms.ActiveCfg = Release|Any CPU
		{02B5E453-2085-4E41-86D9-C8E8A03FB1B9}.Release|Mixed Platforms.Build.0 = Release|Any CPU
		{02B5E453-2085-4E41-86D9-C8E8A03FB1B9}.Release|x86.ActiveCfg = Release|Any CPU
	EndGlobalSection
	GlobalSection(SolutionProperties) = preSolution
		HideSolutionNode = FALSE
	EndGlobalSection
EndGlobal
